// !$*UTF8*$!
{
	archiveVersion = 1;
	classes = {
	};
	objectVersion = 56;
	objects = {

/* Begin PBXBuildFile section */
		014BD0CA2951EB2F00977C74 /* SearchResultsViewController.swift in Sources */ = {isa = PBXBuildFile; fileRef = 014BD0C92951EB2F00977C74 /* SearchResultsViewController.swift */; };
		014BD0CD29520D8200977C74 /* YoutubeSearchResponse.swift in Sources */ = {isa = PBXBuildFile; fileRef = 014BD0CC29520D8200977C74 /* YoutubeSearchResponse.swift */; };
		014BD0CF295220BD00977C74 /* TitlePreviewViewController.swift in Sources */ = {isa = PBXBuildFile; fileRef = 014BD0CE295220BD00977C74 /* TitlePreviewViewController.swift */; };
		014BD0D129522EE200977C74 /* TitlePreviewViewModel.swift in Sources */ = {isa = PBXBuildFile; fileRef = 014BD0D029522EE200977C74 /* TitlePreviewViewModel.swift */; };
		016666C52954E3F30060DE65 /* NetflixCloneModel.xcdatamodeld in Sources */ = {isa = PBXBuildFile; fileRef = 016666C32954E3F30060DE65 /* NetflixCloneModel.xcdatamodeld */; };
		016666C72955C31E0060DE65 /* PersistenceManager.swift in Sources */ = {isa = PBXBuildFile; fileRef = 016666C62955C31E0060DE65 /* PersistenceManager.swift */; };
		01A22B10294F2C1E0066D3E2 /* APICaller.swift in Sources */ = {isa = PBXBuildFile; fileRef = 01A22B0F294F2C1E0066D3E2 /* APICaller.swift */; };
		01A22B12294F37F60066D3E2 /* Title.swift in Sources */ = {isa = PBXBuildFile; fileRef = 01A22B11294F37F60066D3E2 /* Title.swift */; };
		01A22B15294F405D0066D3E2 /* String.swift in Sources */ = {isa = PBXBuildFile; fileRef = 01A22B14294F405D0066D3E2 /* String.swift */; };
		01A22B19294F4B620066D3E2 /* TitleCollectionViewCell.swift in Sources */ = {isa = PBXBuildFile; fileRef = 01A22B18294F4B620066D3E2 /* TitleCollectionViewCell.swift */; };
		01A22B1C294F4C550066D3E2 /* SDWebImage in Frameworks */ = {isa = PBXBuildFile; productRef = 01A22B1B294F4C550066D3E2 /* SDWebImage */; };
		01A22B1E295097F10066D3E2 /* TitleTableViewCell.swift in Sources */ = {isa = PBXBuildFile; fileRef = 01A22B1D295097F00066D3E2 /* TitleTableViewCell.swift */; };
		01A22B2029509F7D0066D3E2 /* TitleViewModel.swift in Sources */ = {isa = PBXBuildFile; fileRef = 01A22B1F29509F7D0066D3E2 /* TitleViewModel.swift */; };
		01A3655C293671E100DB6313 /* AppDelegate.swift in Sources */ = {isa = PBXBuildFile; fileRef = 01A3655B293671E100DB6313 /* AppDelegate.swift */; };
		01A3655E293671E100DB6313 /* SceneDelegate.swift in Sources */ = {isa = PBXBuildFile; fileRef = 01A3655D293671E100DB6313 /* SceneDelegate.swift */; };
		01A36560293671E100DB6313 /* MainTabBarVc.swift in Sources */ = {isa = PBXBuildFile; fileRef = 01A3655F293671E100DB6313 /* MainTabBarVc.swift */; };
		01A36565293671E100DB6313 /* Assets.xcassets in Resources */ = {isa = PBXBuildFile; fileRef = 01A36564293671E100DB6313 /* Assets.xcassets */; };
		01A36568293671E100DB6313 /* LaunchScreen.storyboard in Resources */ = {isa = PBXBuildFile; fileRef = 01A36566293671E100DB6313 /* LaunchScreen.storyboard */; };
		01A365712936744900DB6313 /* HomeViewController.swift in Sources */ = {isa = PBXBuildFile; fileRef = 01A365702936744900DB6313 /* HomeViewController.swift */; };
		01A365732936745000DB6313 /* UpcomingViewController.swift in Sources */ = {isa = PBXBuildFile; fileRef = 01A365722936745000DB6313 /* UpcomingViewController.swift */; };
		01A365752936745700DB6313 /* SearchViewController.swift in Sources */ = {isa = PBXBuildFile; fileRef = 01A365742936745700DB6313 /* SearchViewController.swift */; };
		01A365772936749800DB6313 /* DownloadViewController.swift in Sources */ = {isa = PBXBuildFile; fileRef = 01A365762936749800DB6313 /* DownloadViewController.swift */; };
		01A3657C29367C3C00DB6313 /* CollectionViewTableViewCell.swift in Sources */ = {isa = PBXBuildFile; fileRef = 01A3657B29367C3C00DB6313 /* CollectionViewTableViewCell.swift */; };
		01A3657E2937C30C00DB6313 /* HeroHeaderUIView.swift in Sources */ = {isa = PBXBuildFile; fileRef = 01A3657D2937C30C00DB6313 /* HeroHeaderUIView.swift */; };
/* End PBXBuildFile section */

/* Begin PBXFileReference section */
		014BD0C92951EB2F00977C74 /* SearchResultsViewController.swift */ = {isa = PBXFileReference; lastKnownFileType = sourcecode.swift; path = SearchResultsViewController.swift; sourceTree = "<group>"; };
		014BD0CC29520D8200977C74 /* YoutubeSearchResponse.swift */ = {isa = PBXFileReference; lastKnownFileType = sourcecode.swift; path = YoutubeSearchResponse.swift; sourceTree = "<group>"; };
		014BD0CE295220BD00977C74 /* TitlePreviewViewController.swift */ = {isa = PBXFileReference; lastKnownFileType = sourcecode.swift; path = TitlePreviewViewController.swift; sourceTree = "<group>"; };
		014BD0D029522EE200977C74 /* TitlePreviewViewModel.swift */ = {isa = PBXFileReference; lastKnownFileType = sourcecode.swift; path = TitlePreviewViewModel.swift; sourceTree = "<group>"; };
		016666C42954E3F30060DE65 /* NetflixCloneModel.xcdatamodel */ = {isa = PBXFileReference; lastKnownFileType = wrapper.xcdatamodel; path = NetflixCloneModel.xcdatamodel; sourceTree = "<group>"; };
		016666C62955C31E0060DE65 /* PersistenceManager.swift */ = {isa = PBXFileReference; lastKnownFileType = sourcecode.swift; path = PersistenceManager.swift; sourceTree = "<group>"; };
		01A22B0F294F2C1E0066D3E2 /* APICaller.swift */ = {isa = PBXFileReference; lastKnownFileType = sourcecode.swift; path = APICaller.swift; sourceTree = "<group>"; };
		01A22B11294F37F60066D3E2 /* Title.swift */ = {isa = PBXFileReference; lastKnownFileType = sourcecode.swift; path = Title.swift; sourceTree = "<group>"; };
		01A22B14294F405D0066D3E2 /* String.swift */ = {isa = PBXFileReference; lastKnownFileType = sourcecode.swift; path = String.swift; sourceTree = "<group>"; };
		01A22B18294F4B620066D3E2 /* TitleCollectionViewCell.swift */ = {isa = PBXFileReference; lastKnownFileType = sourcecode.swift; path = TitleCollectionViewCell.swift; sourceTree = "<group>"; };
		01A22B1D295097F00066D3E2 /* TitleTableViewCell.swift */ = {isa = PBXFileReference; lastKnownFileType = sourcecode.swift; path = TitleTableViewCell.swift; sourceTree = "<group>"; };
		01A22B1F29509F7D0066D3E2 /* TitleViewModel.swift */ = {isa = PBXFileReference; lastKnownFileType = sourcecode.swift; path = TitleViewModel.swift; sourceTree = "<group>"; };
		01A36558293671E100DB6313 /* Netflix Clone.app */ = {isa = PBXFileReference; explicitFileType = wrapper.application; includeInIndex = 0; path = "Netflix Clone.app"; sourceTree = BUILT_PRODUCTS_DIR; };
		01A3655B293671E100DB6313 /* AppDelegate.swift */ = {isa = PBXFileReference; lastKnownFileType = sourcecode.swift; path = AppDelegate.swift; sourceTree = "<group>"; };
		01A3655D293671E100DB6313 /* SceneDelegate.swift */ = {isa = PBXFileReference; lastKnownFileType = sourcecode.swift; path = SceneDelegate.swift; sourceTree = "<group>"; };
		01A3655F293671E100DB6313 /* MainTabBarVc.swift */ = {isa = PBXFileReference; lastKnownFileType = sourcecode.swift; path = MainTabBarVc.swift; sourceTree = "<group>"; };
		01A36564293671E100DB6313 /* Assets.xcassets */ = {isa = PBXFileReference; lastKnownFileType = folder.assetcatalog; path = Assets.xcassets; sourceTree = "<group>"; };
		01A36567293671E100DB6313 /* Base */ = {isa = PBXFileReference; lastKnownFileType = file.storyboard; name = Base; path = Base.lproj/LaunchScreen.storyboard; sourceTree = "<group>"; };
		01A36569293671E100DB6313 /* Info.plist */ = {isa = PBXFileReference; lastKnownFileType = text.plist.xml; path = Info.plist; sourceTree = "<group>"; };
		01A365702936744900DB6313 /* HomeViewController.swift */ = {isa = PBXFileReference; lastKnownFileType = sourcecode.swift; path = HomeViewController.swift; sourceTree = "<group>"; };
		01A365722936745000DB6313 /* UpcomingViewController.swift */ = {isa = PBXFileReference; lastKnownFileType = sourcecode.swift; path = UpcomingViewController.swift; sourceTree = "<group>"; };
		01A365742936745700DB6313 /* SearchViewController.swift */ = {isa = PBXFileReference; lastKnownFileType = sourcecode.swift; path = SearchViewController.swift; sourceTree = "<group>"; };
		01A365762936749800DB6313 /* DownloadViewController.swift */ = {isa = PBXFileReference; lastKnownFileType = sourcecode.swift; path = DownloadViewController.swift; sourceTree = "<group>"; };
		01A3657B29367C3C00DB6313 /* CollectionViewTableViewCell.swift */ = {isa = PBXFileReference; lastKnownFileType = sourcecode.swift; path = CollectionViewTableViewCell.swift; sourceTree = "<group>"; };
		01A3657D2937C30C00DB6313 /* HeroHeaderUIView.swift */ = {isa = PBXFileReference; lastKnownFileType = sourcecode.swift; path = HeroHeaderUIView.swift; sourceTree = "<group>"; };
/* End PBXFileReference section */

/* Begin PBXFrameworksBuildPhase section */
		01A36555293671E100DB6313 /* Frameworks */ = {
			isa = PBXFrameworksBuildPhase;
			buildActionMask = 2147483647;
			files = (
				01A22B1C294F4C550066D3E2 /* SDWebImage in Frameworks */,
			);
			runOnlyForDeploymentPostprocessing = 0;
		};
/* End PBXFrameworksBuildPhase section */

/* Begin PBXGroup section */
		014BD0C82951EB0F00977C74 /* Core */ = {
			isa = PBXGroup;
			children = (
				01A365702936744900DB6313 /* HomeViewController.swift */,
				01A365722936745000DB6313 /* UpcomingViewController.swift */,
				01A365742936745700DB6313 /* SearchViewController.swift */,
				01A365762936749800DB6313 /* DownloadViewController.swift */,
				01A3655F293671E100DB6313 /* MainTabBarVc.swift */,
			);
			path = Core;
			sourceTree = "<group>";
		};
		014BD0CB2951EB3300977C74 /* General */ = {
			isa = PBXGroup;
			children = (
				014BD0C92951EB2F00977C74 /* SearchResultsViewController.swift */,
				014BD0CE295220BD00977C74 /* TitlePreviewViewController.swift */,
			);
			path = General;
			sourceTree = "<group>";
		};
		01A22B0E294F2C090066D3E2 /* Manager */ = {
			isa = PBXGroup;
			children = (
				01A22B0F294F2C1E0066D3E2 /* APICaller.swift */,
				016666C62955C31E0060DE65 /* PersistenceManager.swift */,
			);
			path = Manager;
			sourceTree = "<group>";
		};
		01A22B13294F40400066D3E2 /* Extensions */ = {
			isa = PBXGroup;
			children = (
				01A22B14294F405D0066D3E2 /* String.swift */,
			);
			path = Extensions;
			sourceTree = "<group>";
		};
		01A3654F293671E100DB6313 = {
			isa = PBXGroup;
			children = (
				01A3655A293671E100DB6313 /* Netflix Clone */,
				01A36559293671E100DB6313 /* Products */,
			);
			sourceTree = "<group>";
		};
		01A36559293671E100DB6313 /* Products */ = {
			isa = PBXGroup;
			children = (
				01A36558293671E100DB6313 /* Netflix Clone.app */,
			);
			name = Products;
			sourceTree = "<group>";
		};
		01A3655A293671E100DB6313 /* Netflix Clone */ = {
			isa = PBXGroup;
			children = (
				01A22B13294F40400066D3E2 /* Extensions */,
				01A22B0E294F2C090066D3E2 /* Manager */,
				01A3657A29367C1700DB6313 /* Models */,
				01A3657929367BFC00DB6313 /* ViewModels */,
				01A3657829367BF700DB6313 /* Views */,
				01A3656F2936743900DB6313 /* Controllers */,
				01A3655B293671E100DB6313 /* AppDelegate.swift */,
				01A3655D293671E100DB6313 /* SceneDelegate.swift */,
				01A36564293671E100DB6313 /* Assets.xcassets */,
				01A36566293671E100DB6313 /* LaunchScreen.storyboard */,
				01A36569293671E100DB6313 /* Info.plist */,
				016666C32954E3F30060DE65 /* NetflixCloneModel.xcdatamodeld */,
			);
			path = "Netflix Clone";
			sourceTree = "<group>";
		};
		01A3656F2936743900DB6313 /* Controllers */ = {
			isa = PBXGroup;
			children = (
				014BD0CB2951EB3300977C74 /* General */,
				014BD0C82951EB0F00977C74 /* Core */,
			);
			path = Controllers;
			sourceTree = "<group>";
		};
		01A3657829367BF700DB6313 /* Views */ = {
			isa = PBXGroup;
			children = (
				01A3657B29367C3C00DB6313 /* CollectionViewTableViewCell.swift */,
				01A3657D2937C30C00DB6313 /* HeroHeaderUIView.swift */,
				01A22B18294F4B620066D3E2 /* TitleCollectionViewCell.swift */,
				01A22B1D295097F00066D3E2 /* TitleTableViewCell.swift */,
			);
			path = Views;
			sourceTree = "<group>";
		};
		01A3657929367BFC00DB6313 /* ViewModels */ = {
			isa = PBXGroup;
			children = (
				01A22B1F29509F7D0066D3E2 /* TitleViewModel.swift */,
				014BD0D029522EE200977C74 /* TitlePreviewViewModel.swift */,
			);
			path = ViewModels;
			sourceTree = "<group>";
		};
		01A3657A29367C1700DB6313 /* Models */ = {
			isa = PBXGroup;
			children = (
				01A22B11294F37F60066D3E2 /* Title.swift */,
				014BD0CC29520D8200977C74 /* YoutubeSearchResponse.swift */,
			);
			path = Models;
			sourceTree = "<group>";
		};
/* End PBXGroup section */

/* Begin PBXNativeTarget section */
		01A36557293671E100DB6313 /* Netflix Clone */ = {
			isa = PBXNativeTarget;
			buildConfigurationList = 01A3656C293671E100DB6313 /* Build configuration list for PBXNativeTarget "Netflix Clone" */;
			buildPhases = (
				01A36554293671E100DB6313 /* Sources */,
				01A36555293671E100DB6313 /* Frameworks */,
				01A36556293671E100DB6313 /* Resources */,
			);
			buildRules = (
			);
			dependencies = (
			);
			name = "Netflix Clone";
			packageProductDependencies = (
				01A22B1B294F4C550066D3E2 /* SDWebImage */,
			);
			productName = "Netflix Clone";
			productReference = 01A36558293671E100DB6313 /* Netflix Clone.app */;
			productType = "com.apple.product-type.application";
		};
/* End PBXNativeTarget section */

/* Begin PBXProject section */
		01A36550293671E100DB6313 /* Project object */ = {
			isa = PBXProject;
			attributes = {
				BuildIndependentTargetsInParallel = 1;
				LastSwiftUpdateCheck = 1400;
				LastUpgradeCheck = 1400;
				TargetAttributes = {
					01A36557293671E100DB6313 = {
						CreatedOnToolsVersion = 14.0.1;
					};
				};
			};
			buildConfigurationList = 01A36553293671E100DB6313 /* Build configuration list for PBXProject "Netflix Clone" */;
			compatibilityVersion = "Xcode 14.0";
			developmentRegion = en;
			hasScannedForEncodings = 0;
			knownRegions = (
				en,
				Base,
			);
			mainGroup = 01A3654F293671E100DB6313;
			packageReferences = (
				01A22B1A294F4C550066D3E2 /* XCRemoteSwiftPackageReference "SDWebImage" */,
			);
			productRefGroup = 01A36559293671E100DB6313 /* Products */;
			projectDirPath = "";
			projectRoot = "";
			targets = (
				01A36557293671E100DB6313 /* Netflix Clone */,
			);
		};
/* End PBXProject section */

/* Begin PBXResourcesBuildPhase section */
		01A36556293671E100DB6313 /* Resources */ = {
			isa = PBXResourcesBuildPhase;
			buildActionMask = 2147483647;
			files = (
				01A36568293671E100DB6313 /* LaunchScreen.storyboard in Resources */,
				01A36565293671E100DB6313 /* Assets.xcassets in Resources */,
			);
			runOnlyForDeploymentPostprocessing = 0;
		};
/* End PBXResourcesBuildPhase section */

/* Begin PBXSourcesBuildPhase section */
		01A36554293671E100DB6313 /* Sources */ = {
			isa = PBXSourcesBuildPhase;
			buildActionMask = 2147483647;
			files = (
				01A22B1E295097F10066D3E2 /* TitleTableViewCell.swift in Sources */,
				01A365752936745700DB6313 /* SearchViewController.swift in Sources */,
				01A22B19294F4B620066D3E2 /* TitleCollectionViewCell.swift in Sources */,
				01A36560293671E100DB6313 /* MainTabBarVc.swift in Sources */,
				01A3657C29367C3C00DB6313 /* CollectionViewTableViewCell.swift in Sources */,
				01A22B10294F2C1E0066D3E2 /* APICaller.swift in Sources */,
				016666C52954E3F30060DE65 /* NetflixCloneModel.xcdatamodeld in Sources */,
				01A3657E2937C30C00DB6313 /* HeroHeaderUIView.swift in Sources */,
				01A3655C293671E100DB6313 /* AppDelegate.swift in Sources */,
				01A22B15294F405D0066D3E2 /* String.swift in Sources */,
				014BD0CA2951EB2F00977C74 /* SearchResultsViewController.swift in Sources */,
				01A365772936749800DB6313 /* DownloadViewController.swift in Sources */,
				014BD0CD29520D8200977C74 /* YoutubeSearchResponse.swift in Sources */,
				01A3655E293671E100DB6313 /* SceneDelegate.swift in Sources */,
				014BD0D129522EE200977C74 /* TitlePreviewViewModel.swift in Sources */,
				016666C72955C31E0060DE65 /* PersistenceManager.swift in Sources */,
				01A365732936745000DB6313 /* UpcomingViewController.swift in Sources */,
				014BD0CF295220BD00977C74 /* TitlePreviewViewController.swift in Sources */,
				01A22B12294F37F60066D3E2 /* Title.swift in Sources */,
				01A365712936744900DB6313 /* HomeViewController.swift in Sources */,
				01A22B2029509F7D0066D3E2 /* TitleViewModel.swift in Sources */,
			);
			runOnlyForDeploymentPostprocessing = 0;
		};
/* End PBXSourcesBuildPhase section */

/* Begin PBXVariantGroup section */
		01A36566293671E100DB6313 /* LaunchScreen.storyboard */ = {
			isa = PBXVariantGroup;
			children = (
				01A36567293671E100DB6313 /* Base */,
			);
			name = LaunchScreen.storyboard;
			sourceTree = "<group>";
		};
/* End PBXVariantGroup section */

/* Begin XCBuildConfiguration section */
		01A3656A293671E100DB6313 /* Debug */ = {
			isa = XCBuildConfiguration;
			buildSettings = {
				ALWAYS_SEARCH_USER_PATHS = NO;
				CLANG_ANALYZER_NONNULL = YES;
				CLANG_ANALYZER_NUMBER_OBJECT_CONVERSION = YES_AGGRESSIVE;
				CLANG_CXX_LANGUAGE_STANDARD = "gnu++20";
				CLANG_ENABLE_MODULES = YES;
				CLANG_ENABLE_OBJC_ARC = YES;
				CLANG_ENABLE_OBJC_WEAK = YES;
				CLANG_WARN_BLOCK_CAPTURE_AUTORELEASING = YES;
				CLANG_WARN_BOOL_CONVERSION = YES;
				CLANG_WARN_COMMA = YES;
				CLANG_WARN_CONSTANT_CONVERSION = YES;
				CLANG_WARN_DEPRECATED_OBJC_IMPLEMENTATIONS = YES;
				CLANG_WARN_DIRECT_OBJC_ISA_USAGE = YES_ERROR;
				CLANG_WARN_DOCUMENTATION_COMMENTS = YES;
				CLANG_WARN_EMPTY_BODY = YES;
				CLANG_WARN_ENUM_CONVERSION = YES;
				CLANG_WARN_INFINITE_RECURSION = YES;
				CLANG_WARN_INT_CONVERSION = YES;
				CLANG_WARN_NON_LITERAL_NULL_CONVERSION = YES;
				CLANG_WARN_OBJC_IMPLICIT_RETAIN_SELF = YES;
				CLANG_WARN_OBJC_LITERAL_CONVERSION = YES;
				CLANG_WARN_OBJC_ROOT_CLASS = YES_ERROR;
				CLANG_WARN_QUOTED_INCLUDE_IN_FRAMEWORK_HEADER = YES;
				CLANG_WARN_RANGE_LOOP_ANALYSIS = YES;
				CLANG_WARN_STRICT_PROTOTYPES = YES;
				CLANG_WARN_SUSPICIOUS_MOVE = YES;
				CLANG_WARN_UNGUARDED_AVAILABILITY = YES_AGGRESSIVE;
				CLANG_WARN_UNREACHABLE_CODE = YES;
				CLANG_WARN__DUPLICATE_METHOD_MATCH = YES;
				COPY_PHASE_STRIP = NO;
				DEBUG_INFORMATION_FORMAT = dwarf;
				ENABLE_STRICT_OBJC_MSGSEND = YES;
				ENABLE_TESTABILITY = YES;
				GCC_C_LANGUAGE_STANDARD = gnu11;
				GCC_DYNAMIC_NO_PIC = NO;
				GCC_NO_COMMON_BLOCKS = YES;
				GCC_OPTIMIZATION_LEVEL = 0;
				GCC_PREPROCESSOR_DEFINITIONS = (
					"DEBUG=1",
					"$(inherited)",
				);
				GCC_WARN_64_TO_32_BIT_CONVERSION = YES;
				GCC_WARN_ABOUT_RETURN_TYPE = YES_ERROR;
				GCC_WARN_UNDECLARED_SELECTOR = YES;
				GCC_WARN_UNINITIALIZED_AUTOS = YES_AGGRESSIVE;
				GCC_WARN_UNUSED_FUNCTION = YES;
				GCC_WARN_UNUSED_VARIABLE = YES;
				IPHONEOS_DEPLOYMENT_TARGET = 16.0;
				MTL_ENABLE_DEBUG_INFO = INCLUDE_SOURCE;
				MTL_FAST_MATH = YES;
				ONLY_ACTIVE_ARCH = YES;
				SDKROOT = iphoneos;
				SWIFT_ACTIVE_COMPILATION_CONDITIONS = DEBUG;
				SWIFT_OPTIMIZATION_LEVEL = "-Onone";
			};
			name = Debug;
		};
		01A3656B293671E100DB6313 /* Release */ = {
			isa = XCBuildConfiguration;
			buildSettings = {
				ALWAYS_SEARCH_USER_PATHS = NO;
				CLANG_ANALYZER_NONNULL = YES;
				CLANG_ANALYZER_NUMBER_OBJECT_CONVERSION = YES_AGGRESSIVE;
				CLANG_CXX_LANGUAGE_STANDARD = "gnu++20";
				CLANG_ENABLE_MODULES = YES;
				CLANG_ENABLE_OBJC_ARC = YES;
				CLANG_ENABLE_OBJC_WEAK = YES;
				CLANG_WARN_BLOCK_CAPTURE_AUTORELEASING = YES;
				CLANG_WARN_BOOL_CONVERSION = YES;
				CLANG_WARN_COMMA = YES;
				CLANG_WARN_CONSTANT_CONVERSION = YES;
				CLANG_WARN_DEPRECATED_OBJC_IMPLEMENTATIONS = YES;
				CLANG_WARN_DIRECT_OBJC_ISA_USAGE = YES_ERROR;
				CLANG_WARN_DOCUMENTATION_COMMENTS = YES;
				CLANG_WARN_EMPTY_BODY = YES;
				CLANG_WARN_ENUM_CONVERSION = YES;
				CLANG_WARN_INFINITE_RECURSION = YES;
				CLANG_WARN_INT_CONVERSION = YES;
				CLANG_WARN_NON_LITERAL_NULL_CONVERSION = YES;
				CLANG_WARN_OBJC_IMPLICIT_RETAIN_SELF = YES;
				CLANG_WARN_OBJC_LITERAL_CONVERSION = YES;
				CLANG_WARN_OBJC_ROOT_CLASS = YES_ERROR;
				CLANG_WARN_QUOTED_INCLUDE_IN_FRAMEWORK_HEADER = YES;
				CLANG_WARN_RANGE_LOOP_ANALYSIS = YES;
				CLANG_WARN_STRICT_PROTOTYPES = YES;
				CLANG_WARN_SUSPICIOUS_MOVE = YES;
				CLANG_WARN_UNGUARDED_AVAILABILITY = YES_AGGRESSIVE;
				CLANG_WARN_UNREACHABLE_CODE = YES;
				CLANG_WARN__DUPLICATE_METHOD_MATCH = YES;
				COPY_PHASE_STRIP = NO;
				DEBUG_INFORMATION_FORMAT = "dwarf-with-dsym";
				ENABLE_NS_ASSERTIONS = NO;
				ENABLE_STRICT_OBJC_MSGSEND = YES;
				GCC_C_LANGUAGE_STANDARD = gnu11;
				GCC_NO_COMMON_BLOCKS = YES;
				GCC_WARN_64_TO_32_BIT_CONVERSION = YES;
				GCC_WARN_ABOUT_RETURN_TYPE = YES_ERROR;
				GCC_WARN_UNDECLARED_SELECTOR = YES;
				GCC_WARN_UNINITIALIZED_AUTOS = YES_AGGRESSIVE;
				GCC_WARN_UNUSED_FUNCTION = YES;
				GCC_WARN_UNUSED_VARIABLE = YES;
				IPHONEOS_DEPLOYMENT_TARGET = 16.0;
				MTL_ENABLE_DEBUG_INFO = NO;
				MTL_FAST_MATH = YES;
				SDKROOT = iphoneos;
				SWIFT_COMPILATION_MODE = wholemodule;
				SWIFT_OPTIMIZATION_LEVEL = "-O";
				VALIDATE_PRODUCT = YES;
			};
			name = Release;
		};
		01A3656D293671E100DB6313 /* Debug */ = {
			isa = XCBuildConfiguration;
			buildSettings = {
				ASSETCATALOG_COMPILER_APPICON_NAME = AppIcon;
				ASSETCATALOG_COMPILER_GLOBAL_ACCENT_COLOR_NAME = AccentColor;
				CODE_SIGN_STYLE = Automatic;
				CURRENT_PROJECT_VERSION = 1;
				DEVELOPMENT_TEAM = XSY7H53P5K;
				GENERATE_INFOPLIST_FILE = YES;
				INFOPLIST_FILE = "Netflix Clone/Info.plist";
				INFOPLIST_KEY_UIApplicationSupportsIndirectInputEvents = YES;
				INFOPLIST_KEY_UILaunchStoryboardName = LaunchScreen;
				INFOPLIST_KEY_UISupportedInterfaceOrientations_iPad = "UIInterfaceOrientationPortrait UIInterfaceOrientationPortraitUpsideDown UIInterfaceOrientationLandscapeLeft UIInterfaceOrientationLandscapeRight";
				INFOPLIST_KEY_UISupportedInterfaceOrientations_iPhone = "UIInterfaceOrientationPortrait UIInterfaceOrientationLandscapeLeft UIInterfaceOrientationLandscapeRight";
				LD_RUNPATH_SEARCH_PATHS = (
					"$(inherited)",
					"@executable_path/Frameworks",
				);
				MARKETING_VERSION = 1.0;
				PRODUCT_BUNDLE_IDENTIFIER = "CanerCagri.Netflix-Clone";
				PRODUCT_NAME = "$(TARGET_NAME)";
				SWIFT_EMIT_LOC_STRINGS = YES;
				SWIFT_VERSION = 5.0;
				TARGETED_DEVICE_FAMILY = "1,2";
			};
			name = Debug;
		};
		01A3656E293671E100DB6313 /* Release */ = {
			isa = XCBuildConfiguration;
			buildSettings = {
				ASSETCATALOG_COMPILER_APPICON_NAME = AppIcon;
				ASSETCATALOG_COMPILER_GLOBAL_ACCENT_COLOR_NAME = AccentColor;
				CODE_SIGN_STYLE = Automatic;
				CURRENT_PROJECT_VERSION = 1;
				DEVELOPMENT_TEAM = XSY7H53P5K;
				GENERATE_INFOPLIST_FILE = YES;
				INFOPLIST_FILE = "Netflix Clone/Info.plist";
				INFOPLIST_KEY_UIApplicationSupportsIndirectInputEvents = YES;
				INFOPLIST_KEY_UILaunchStoryboardName = LaunchScreen;
				INFOPLIST_KEY_UISupportedInterfaceOrientations_iPad = "UIInterfaceOrientationPortrait UIInterfaceOrientationPortraitUpsideDown UIInterfaceOrientationLandscapeLeft UIInterfaceOrientationLandscapeRight";
				INFOPLIST_KEY_UISupportedInterfaceOrientations_iPhone = "UIInterfaceOrientationPortrait UIInterfaceOrientationLandscapeLeft UIInterfaceOrientationLandscapeRight";
				LD_RUNPATH_SEARCH_PATHS = (
					"$(inherited)",
					"@executable_path/Frameworks",
				);
				MARKETING_VERSION = 1.0;
				PRODUCT_BUNDLE_IDENTIFIER = "CanerCagri.Netflix-Clone";
				PRODUCT_NAME = "$(TARGET_NAME)";
				SWIFT_EMIT_LOC_STRINGS = YES;
				SWIFT_VERSION = 5.0;
				TARGETED_DEVICE_FAMILY = "1,2";
			};
			name = Release;
		};
/* End XCBuildConfiguration section */

/* Begin XCConfigurationList section */
		01A36553293671E100DB6313 /* Build configuration list for PBXProject "Netflix Clone" */ = {
			isa = XCConfigurationList;
			buildConfigurations = (
				01A3656A293671E100DB6313 /* Debug */,
				01A3656B293671E100DB6313 /* Release */,
			);
			defaultConfigurationIsVisible = 0;
			defaultConfigurationName = Release;
		};
		01A3656C293671E100DB6313 /* Build configuration list for PBXNativeTarget "Netflix Clone" */ = {
			isa = XCConfigurationList;
			buildConfigurations = (
				01A3656D293671E100DB6313 /* Debug */,
				01A3656E293671E100DB6313 /* Release */,
			);
			defaultConfigurationIsVisible = 0;
			defaultConfigurationName = Release;
		};
/* End XCConfigurationList section */

/* Begin XCRemoteSwiftPackageReference section */
		01A22B1A294F4C550066D3E2 /* XCRemoteSwiftPackageReference "SDWebImage" */ = {
			isa = XCRemoteSwiftPackageReference;
			repositoryURL = "https://github.com/SDWebImage/SDWebImage";
			requirement = {
				kind = upToNextMajorVersion;
				minimumVersion = 5.0.0;
			};
		};
/* End XCRemoteSwiftPackageReference section */

/* Begin XCSwiftPackageProductDependency section */
		01A22B1B294F4C550066D3E2 /* SDWebImage */ = {
			isa = XCSwiftPackageProductDependency;
			package = 01A22B1A294F4C550066D3E2 /* XCRemoteSwiftPackageReference "SDWebImage" */;
			productName = SDWebImage;
		};
/* End XCSwiftPackageProductDependency section */

/* Begin XCVersionGroup section */
		016666C32954E3F30060DE65 /* NetflixCloneModel.xcdatamodeld */ = {
			isa = XCVersionGroup;
			children = (
				016666C42954E3F30060DE65 /* NetflixCloneModel.xcdatamodel */,
			);
			currentVersion = 016666C42954E3F30060DE65 /* NetflixCloneModel.xcdatamodel */;
			path = NetflixCloneModel.xcdatamodeld;
			sourceTree = "<group>";
			versionGroupType = wrapper.xcdatamodel;
		};
/* End XCVersionGroup section */
	};
	rootObject = 01A36550293671E100DB6313 /* Project object */;
}
